{
  "version": "5",
  "specifiers": {
    "jsr:@cross/runtime@1.0": "1.0.0",
    "jsr:@cross/test@^0.0.14": "0.0.14",
    "jsr:@david/code-block-writer@^13.0.3": "13.0.3",
    "jsr:@deno/dnt@~0.43.1": "0.43.1",
    "jsr:@std/assert@^1.0.19": "1.0.19",
    "jsr:@std/fmt@1": "1.0.10",
    "jsr:@std/fs@1": "1.0.24",
    "jsr:@std/internal@^1.0.12": "1.0.14",
    "jsr:@std/internal@^1.0.14": "1.0.14",
    "jsr:@std/path@1": "1.1.6",
    "jsr:@std/path@^1.1.5": "1.1.6",
    "jsr:@std/testing@1.0.0": "1.0.0",
    "jsr:@ts-morph/bootstrap@0.29": "0.29.0",
    "jsr:@ts-morph/common@0.29": "0.29.0",
    "npm:@types/node@*": "18.16.19",
    "npm:type-fest@4.15.0": "4.15.0",
    "npm:type-fest@4.18.0": "4.18.0",
    "npm:type-fest@5.7.0": "5.7.0"
  },
  "jsr": {
    "@cross/runtime@1.0.0": {
      "integrity": "dddecdf99182df13d50279d1e473f715e83d41961c5c22edd7bb0c4c3cf8a76a"
    },
    "@cross/test@0.0.14": {
      "integrity": "3af2cf23e39f97156d21da4b21373407735343493e333f33eaeceedce511a7f9",
      "dependencies": [
        "jsr:@cross/runtime"
      ]
    },
    "@david/code-block-writer@13.0.3": {
      "integrity": "f98c77d320f5957899a61bfb7a9bead7c6d83ad1515daee92dbacc861e13bb7f"
    },
    "@deno/dnt@0.43.1": {
      "integrity": "505217527cc31afd47f5a5cdde57100dfc61498df7ca093b73a2e0feaf9c6a77",
      "dependencies": [
        "jsr:@david/code-block-writer",
        "jsr:@std/fmt",
        "jsr:@std/fs",
        "jsr:@std/path@1",
        "jsr:@ts-morph/bootstrap"
      ]
    },
    "@std/assert@1.0.19": {
      "integrity": "eaada96ee120cb980bc47e040f82814d786fe8162ecc53c91d8df60b8755991e",
      "dependencies": [
        "jsr:@std/internal@^1.0.12"
      ]
    },
    "@std/fmt@1.0.10": {
      "integrity": "90dfba288802ac6de82fb31d0917eb9e4450b9925b954d5e51fc29ac07419db5"
    },
    "@std/fs@1.0.24": {
      "integrity": "f3061b45b81673a2bece689da041df32d174be064c89eb6397fb5718d3fb7877",
      "dependencies": [
        "jsr:@std/internal@^1.0.14",
        "jsr:@std/path@^1.1.5"
      ]
    },
    "@std/internal@1.0.14": {
      "integrity": "291516b3d4c35024d6ffbc0a9df5bf4c64116e05b50012cf846710152d2ffdf7"
    },
    "@std/path@1.1.6": {
      "integrity": "c68485c2a4dfbb5ae3cc74fae4e8c4e5d874cf8a8ed12927917235c758b46cbe",
      "dependencies": [
        "jsr:@std/internal@^1.0.14"
      ]
    },
    "@std/testing@1.0.0": {
      "integrity": "27cfc06392c69c2acffe54e6d0bcb5f961cf193f519255372bd4fff1481bfef8"
    },
    "@ts-morph/bootstrap@0.29.0": {
      "integrity": "69f9b1b42b03423308a9f623f924174181ef20f6f2a8771799f216f561b9b7a6",
      "dependencies": [
        "jsr:@ts-morph/common"
      ]
    },
    "@ts-morph/common@0.29.0": {
      "integrity": "14e8f44c5e4297628cf756aed071787dc026c493e36c1cc29ce49dc95e493f8f",
      "dependencies": [
        "jsr:@std/fs",
        "jsr:@std/path@1"
      ]
    }
  },
  "npm": {
    "@types/node@18.16.19": {
      "integrity": "sha512-IXl7o+R9iti9eBW4Wg2hx1xQDig183jj7YLn8F7udNceyfkbn1ZxmzZXuak20gR40D7pIkIY1kYGx5VIGbaHKA=="
    },
    "tagged-tag@1.0.0": {
      "integrity": "sha512-yEFYrVhod+hdNyx7g5Bnkkb0G6si8HJurOoOEgC8B/O0uXLHlaey/65KRv6cuWBNhBgHKAROVpc7QyYqE5gFng=="
    },
    "type-fest@4.15.0": {
      "integrity": "sha512-tB9lu0pQpX5KJq54g+oHOLumOx+pMep4RaM6liXh2PKmVRFF+/vAtUP0ZaJ0kOySfVNjF6doBWPHhBhISKdlIA=="
    },
    "type-fest@4.18.0": {
      "integrity": "sha512-+dbmiyliDY/2TTcjCS7NpI9yV2iEFlUDk5TKnsbkN7ZoRu5s7bT+zvYtNFhFXC2oLwURGT2frACAZvbbyNBI+w=="
    },
    "type-fest@5.7.0": {
      "integrity": "sha512-1URUxUqfHFM1c+zfSPsa3gnkO7Aq21qyH75SIduNYz4SzY964rn1X2vCMQaHSHhktiw+0kPa2iyb6PUpXqB6Vg==",
      "dependencies": [
        "tagged-tag"
      ]
    }
  },
  "redirects": {
    "https://deno.land/std/testing/asserts.ts": "https://deno.land/std@0.222.1/testing/asserts.ts",
    "https://deno.land/std/testing/types.ts": "https://deno.land/std@0.222.1/testing/types.ts"
  },
  "workspace": {
    "dependencies": [
      "jsr:@cross/test@^0.0.14",
      "jsr:@deno/dnt@~0.43.1",
      "jsr:@std/assert@^1.0.19",
      "jsr:@std/testing@1.0.0",
      "npm:type-fest@5.7.0"
    ]
  }
}
